
Microsoft Visual Studio Solution File, Format Version 12.00
# Visual Studio Version 17
VisualStudioVersion = 17.12.35521.163 d17.12
MinimumVisualStudioVersion = 10.0.40219.1
Project("{FAE04EC0-301F-11D3-BF4B-00C04F79EFBC}") = "ECommerce.Api.Products", "ECommerce.Api.Products\ECommerce.Api.Products.csproj", "{3A554764-8F2F-4872-8FBF-5A1ED19140BF}"
EndProject
Project("{FAE04EC0-301F-11D3-BF4B-00C04F79EFBC}") = "ECommer.Api.Orders", "ECommer.Api.Orders\ECommer.Api.Orders.csproj", "{18A7198F-BAFC-4A01-A3A4-617899CBFCF2}"
EndProject
Project("{FAE04EC0-301F-11D3-BF4B-00C04F79EFBC}") = "ECommerce.Api.Customers", "ECommerce.Api.Customers\ECommerce.Api.Customers.csproj", "{0E782F68-C270-473D-A567-EBE2791BEF63}"
EndProject
Project("{FAE04EC0-301F-11D3-BF4B-00C04F79EFBC}") = "ECommerce.Api.Search", "ECommerce.Api.Search\ECommerce.Api.Search.csproj", "{DEF0CA11-46AE-4D2F-9BAC-B7DCA4F75406}"
EndProject
Global
	GlobalSection(SolutionConfigurationPlatforms) = preSolution
		Debug|Any CPU = Debug|Any CPU
		Release|Any CPU = Release|Any CPU
	EndGlobalSection
	GlobalSection(ProjectConfigurationPlatforms) = postSolution
		{3A554764-8F2F-4872-8FBF-5A1ED19140BF}.Debug|Any CPU.ActiveCfg = Debug|Any CPU
		{3A554764-8F2F-4872-8FBF-5A1ED19140BF}.Debug|Any CPU.Build.0 = Debug|Any CPU
		{3A554764-8F2F-4872-8FBF-5A1ED19140BF}.Release|Any CPU.ActiveCfg = Release|Any CPU
		{3A554764-8F2F-4872-8FBF-5A1ED19140BF}.Release|Any CPU.Build.0 = Release|Any CPU
		{18A7198F-BAFC-4A01-A3A4-617899CBFCF2}.Debug|Any CPU.ActiveCfg = Debug|Any CPU
		{18A7198F-BAFC-4A01-A3A4-617899CBFCF2}.Debug|Any CPU.Build.0 = Debug|Any CPU
		{18A7198F-BAFC-4A01-A3A4-617899CBFCF2}.Release|Any CPU.ActiveCfg = Release|Any CPU
		{18A7198F-BAFC-4A01-A3A4-617899CBFCF2}.Release|Any CPU.Build.0 = Release|Any CPU
		{0E782F68-C270-473D-A567-EBE2791BEF63}.Debug|Any CPU.ActiveCfg = Debug|Any CPU
		{0E782F68-C270-473D-A567-EBE2791BEF63}.Debug|Any CPU.Build.0 = Debug|Any CPU
		{0E782F68-C270-473D-A567-EBE2791BEF63}.Release|Any CPU.ActiveCfg = Release|Any CPU
		{0E782F68-C270-473D-A567-EBE2791BEF63}.Release|Any CPU.Build.0 = Release|Any CPU
		{DEF0CA11-46AE-4D2F-9BAC-B7DCA4F75406}.Debug|Any CPU.ActiveCfg = Debug|Any CPU
		{DEF0CA11-46AE-4D2F-9BAC-B7DCA4F75406}.Debug|Any CPU.Build.0 = Debug|Any CPU
		{DEF0CA11-46AE-4D2F-9BAC-B7DCA4F75406}.Release|Any CPU.ActiveCfg = Release|Any CPU
		{DEF0CA11-46AE-4D2F-9BAC-B7DCA4F75406}.Release|Any CPU.Build.0 = Release|Any CPU
	EndGlobalSection
	GlobalSection(SolutionProperties) = preSolution
		HideSolutionNode = FALSE
	EndGlobalSection
EndGlobal
